{
  "name": "dev",
  "version": "1.0.0",
  "lockfileVersion": 1,
  "requires": true,
  "dependencies": {
    "base-64": {
      "version": "0.1.0",
      "resolved": "https://registry.npmjs.org/base-64/-/base-64-0.1.0.tgz",
      "integrity": "sha1-eAqZyE59YAJgNhURxId2E78k9rs="
    },
    "insomnia-plugin-jwtdecode": {
      "version": "1.0.2",
      "resolved": "https://registry.npmjs.org/insomnia-plugin-jwtdecode/-/insomnia-plugin-jwtdecode-1.0.2.tgz",
      "integrity": "sha512-QD6TUHiohv1Irg66RccxNv18kQ5NI/lLuu2sDnH9aGZlquPFCn9zdxGAdcfknsGa1bztE666OHQ7sfDTY8Tirw==",
      "requires": {
        "base-64": "0.1.0"
      }
    }
  }
}
